{
  "name": "real-ip",
  "version": "1.0.0",
  "lockfileVersion": 3,
  "requires": true,
  "packages": {
    "": {
      "name": "real-ip",
      "version": "1.0.0",
      "license": "ISC",
      "dependencies": {
        "request-ip": "^3.3.0"
      }
    },
    "node_modules/request-ip": {
      "version": "3.3.0",
      "resolved": "https://registry.npmjs.org/request-ip/-/request-ip-3.3.0.tgz",
      "integrity": "sha512-cA6Xh6e0fDBBBwH77SLJaJPBmD3nWVAcF9/XAcsrIHdjhFzFiB5aNQFytdjCGPezU3ROwrR11IddKAM08vohxA=="
    }
  }
}
